{
    "_meta": {
        "hash": {
            "sha256": "2514217a598f343dfdda5ae074dd570f9f0a10bfeb6118a4d017547e3e806358"
        },
        "pipfile-spec": 6,
        "requires": {
            "python_version": "3.8"
        },
        "sources": [
            {
                "name": "pypi",
                "url": "https://pypi.org/simple",
                "verify_ssl": true
            }
        ]
    },
    "default": {
        "asgiref": {
            "hashes": [
                "sha256:5ee950735509d04eb673bd7f7120f8fa1c9e2df495394992c73234d526907e17",
                "sha256:7162a3cb30ab0609f1a4c95938fd73e8604f63bdba516a7f7d64b83ff09478f0"
            ],
            "version": "==3.3.1"
        },
        "chardet": {
            "hashes": [
                "sha256:0d6f53a15db4120f2b08c94f11e7d93d2c911ee118b6b30a04ec3ee8310179fa",
                "sha256:f864054d66fd9118f2e67044ac8981a54775ec5b67aed0441892edb553d21da5"
            ],
            "version": "==4.0.0"
        },
        "django": {
            "hashes": [
                "sha256:30c9ad3413805c0d4f2d619c2d06cfa66d070e812ca524562a80ba4291d1661f",
                "sha256:fd63e2c7acca5f2e7ad93dfb53d566e040d871404fc0f684a3e720006d221f9a"
            ],
            "index": "pypi",
            "version": "==3.0.12"
        },
        "django-csvimport": {
            "hashes": [
                "sha256:9a7e03a74df3c2a2621f3454a4a91c6ff8d237bbda15441a016c8b531a5acac9"
            ],
            "index": "pypi",
            "version": "==2.15"
        },
        "gunicorn": {
            "hashes": [
                "sha256:aa8e0b40b4157b36a5df5e599f45c9c76d6af43845ba3b3b0efe2c70473c2471",
                "sha256:fa2662097c66f920f53f70621c6c58ca4a3c4d3434205e608e121b5b3b71f4f3"
            ],
            "index": "pypi",
            "version": "==19.9.0"
        },
        "numpy": {
            "hashes": [
                "sha256:2428b109306075d89d21135bdd6b785f132a1f5a3260c371cee1fae427e12727",
                "sha256:377751954da04d4a6950191b20539066b4e19e3b559d4695399c5e8e3e683bf6",
                "sha256:4703b9e937df83f5b6b7447ca5912b5f5f297aba45f91dbbbc63ff9278c7aa98",
                "sha256:471c0571d0895c68da309dacee4e95a0811d0a9f9f532a48dc1bea5f3b7ad2b7",
                "sha256:61d5b4cf73622e4d0c6b83408a16631b670fc045afd6540679aa35591a17fe6d",
                "sha256:6c915ee7dba1071554e70a3664a839fbc033e1d6528199d4621eeaaa5487ccd2",
                "sha256:6e51e417d9ae2e7848314994e6fc3832c9d426abce9328cf7571eefceb43e6c9",
                "sha256:719656636c48be22c23641859ff2419b27b6bdf844b36a2447cb39caceb00935",
                "sha256:780ae5284cb770ade51d4b4a7dce4faa554eb1d88a56d0e8b9f35fca9b0270ff",
                "sha256:878922bf5ad7550aa044aa9301d417e2d3ae50f0f577de92051d739ac6096cee",
                "sha256:924dc3f83de20437de95a73516f36e09918e9c9c18d5eac520062c49191025fb",
                "sha256:97ce8b8ace7d3b9288d88177e66ee75480fb79b9cf745e91ecfe65d91a856042",
                "sha256:9c0fab855ae790ca74b27e55240fe4f2a36a364a3f1ebcfd1fb5ac4088f1cec3",
                "sha256:9cab23439eb1ebfed1aaec9cd42b7dc50fc96d5cd3147da348d9161f0501ada5",
                "sha256:a8e6859913ec8eeef3dbe9aed3bf475347642d1cdd6217c30f28dee8903528e6",
                "sha256:aa046527c04688af680217fffac61eec2350ef3f3d7320c07fd33f5c6e7b4d5f",
                "sha256:abc81829c4039e7e4c30f7897938fa5d4916a09c2c7eb9b244b7a35ddc9656f4",
                "sha256:bad70051de2c50b1a6259a6df1daaafe8c480ca98132da98976d8591c412e737",
                "sha256:c73a7975d77f15f7f68dacfb2bca3d3f479f158313642e8ea9058eea06637931",
                "sha256:d15007f857d6995db15195217afdbddfcd203dfaa0ba6878a2f580eaf810ecd6",
                "sha256:d76061ae5cab49b83a8cf3feacefc2053fac672728802ac137dd8c4123397677",
                "sha256:e8e4fbbb7e7634f263c5b0150a629342cc19b47c5eba8d1cd4363ab3455ab576",
                "sha256:e9459f40244bb02b2f14f6af0cd0732791d72232bbb0dc4bab57ef88e75f6935",
                "sha256:edb1f041a9146dcf02cd7df7187db46ab524b9af2515f392f337c7cbbf5b52cd"
            ],
            "version": "==1.20.2"
        },
        "pandas": {
            "hashes": [
                "sha256:034185bb615dc96d08fa13aacba8862949db19d5e7804d6ee242d086f07bcc46",
                "sha256:0c9b7f1933e3226cc16129cf2093338d63ace5c85db7c9588e3e1ac5c1937ad5",
                "sha256:1f6fcf0404626ca0475715da045a878c7062ed39bc859afc4ccf0ba0a586a0aa",
                "sha256:1fc963ba33c299973e92d45466e576d11f28611f3549469aec4a35658ef9f4cc",
                "sha256:29b4cfee5df2bc885607b8f016e901e63df7ffc8f00209000471778f46cc6678",
                "sha256:2a8b6c28607e3f3c344fe3e9b3cd76d2bf9f59bc8c0f2e582e3728b80e1786dc",
                "sha256:2bc2ff52091a6ac481cc75d514f06227dc1b10887df1eb72d535475e7b825e31",
                "sha256:415e4d52fcfd68c3d8f1851cef4d947399232741cc994c8f6aa5e6a9f2e4b1d8",
                "sha256:519678882fd0587410ece91e3ff7f73ad6ded60f6fcb8aa7bcc85c1dc20ecac6",
                "sha256:51e0abe6e9f5096d246232b461649b0aa627f46de8f6344597ca908f2240cbaa",
                "sha256:698e26372dba93f3aeb09cd7da2bb6dd6ade248338cfe423792c07116297f8f4",
                "sha256:83af85c8e539a7876d23b78433d90f6a0e8aa913e37320785cf3888c946ee874",
                "sha256:982cda36d1773076a415ec62766b3c0a21cdbae84525135bdb8f460c489bb5dd",
                "sha256:a647e44ba1b3344ebc5991c8aafeb7cca2b930010923657a273b41d86ae225c4",
                "sha256:b35d625282baa7b51e82e52622c300a1ca9f786711b2af7cbe64f1e6831f4126",
                "sha256:bab51855f8b318ef39c2af2c11095f45a10b74cbab4e3c8199efcc5af314c648"
            ],
            "index": "pypi",
            "version": "==1.0.4"
        },
        "python-dateutil": {
            "hashes": [
                "sha256:73ebfe9dbf22e832286dafa60473e4cd239f8592f699aa5adaf10050e6e1823c",
                "sha256:75bb3f31ea686f1197762692a9ee6a7550b59fc6ca3a1f4b5d7e32fb98e2da2a"
            ],
            "version": "==2.8.1"
        },
        "pytz": {
            "hashes": [
                "sha256:83a4a90894bf38e243cf052c8b58f381bfe9a7a483f6a9cab140bc7f702ac4da",
                "sha256:eb10ce3e7736052ed3623d49975ce333bcd712c7bb19a58b9e2089d4057d0798"
            ],
            "version": "==2021.1"
        },
        "six": {
            "hashes": [
                "sha256:30639c035cdb23534cd4aa2dd52c3bf48f06e5f4a941509c8bafd8ce11080259",
                "sha256:8b74bedcbbbaca38ff6d7491d76f2b06b3592611af620f8426e82dddb04a5ced"
            ],
            "version": "==1.15.0"
        },
        "sqlparse": {
            "hashes": [
                "sha256:017cde379adbd6a1f15a61873f43e8274179378e95ef3fede90b5aa64d304ed0",
                "sha256:0f91fd2e829c44362cbcfab3e9ae12e22badaa8a29ad5ff599f9ec109f0454e8"
            ],
            "version": "==0.4.1"
        }
    },
    "develop": {}
}
